
Microsoft Visual Studio Solution File, Format Version 12.00
# Visual Studio Version 17
VisualStudioVersion = 17.0.31903.59
MinimumVisualStudioVersion = 15.0.26124.0
Project("{9A19103F-16F7-4668-BE54-9A1E7A4F7556}") = "Atc", "src\Atc\Atc.csproj", "{3BB4CC11-C811-4EEC-99C0-7E45311212E5}"
EndProject
Project("{2150E333-8FDC-42A3-9474-1A3956D46DE8}") = "Tests", "Tests", "{F39DCB66-0A9F-47BA-A916-301EC83F26EA}"
EndProject
Project("{9A19103F-16F7-4668-BE54-9A1E7A4F7556}") = "Atc.Tests", "test\Atc.Tests\Atc.Tests.csproj", "{F703B1BB-7C61-4FE3-88CB-F1B22C72B987}"
EndProject
Project("{2150E333-8FDC-42A3-9474-1A3956D46DE8}") = "Src", "Src", "{A4F3156B-9E74-4710-ADBC-4628DF389F68}"
EndProject
Project("{9A19103F-16F7-4668-BE54-9A1E7A4F7556}") = "Atc.OpenApi", "src\Atc.OpenApi\Atc.OpenApi.csproj", "{B6407C8E-E8E5-4D60-8A61-71D72678DFBE}"
EndProject
Project("{9A19103F-16F7-4668-BE54-9A1E7A4F7556}") = "Atc.Rest", "src\Atc.Rest\Atc.Rest.csproj", "{974A11EA-0B79-4E60-80B2-C65FEAD77271}"
EndProject
Project("{9A19103F-16F7-4668-BE54-9A1E7A4F7556}") = "Atc.Rest.Extended", "src\Atc.Rest.Extended\Atc.Rest.Extended.csproj", "{7662A7F3-5F8E-4ABE-A456-F9EF790C5F7F}"
EndProject
Project("{9A19103F-16F7-4668-BE54-9A1E7A4F7556}") = "Atc.CodeAnalysis.CSharp", "src\Atc.CodeAnalysis.CSharp\Atc.CodeAnalysis.CSharp.csproj", "{330D0515-2D27-47CF-9407-480347F311A7}"
EndProject
Project("{9A19103F-16F7-4668-BE54-9A1E7A4F7556}") = "Atc.XUnit", "src\Atc.XUnit\Atc.XUnit.csproj", "{D28ED3BB-4937-4DC8-A87C-57E4B2A80BA5}"
EndProject
Project("{9A19103F-16F7-4668-BE54-9A1E7A4F7556}") = "Atc.CodeDocumentation", "src\Atc.CodeDocumentation\Atc.CodeDocumentation.csproj", "{0EC52BD9-9714-429C-A10E-C03E66469270}"
EndProject
Project("{9A19103F-16F7-4668-BE54-9A1E7A4F7556}") = "Atc.CodeAnalysis.CSharp.Tests", "test\Atc.CodeAnalysis.CSharp.Tests\Atc.CodeAnalysis.CSharp.Tests.csproj", "{BBD9CA33-7A0D-40C5-B2E7-9C0A798AAB03}"
EndProject
Project("{9A19103F-16F7-4668-BE54-9A1E7A4F7556}") = "Atc.CodeDocumentation.Tests", "test\Atc.CodeDocumentation.Tests\Atc.CodeDocumentation.Tests.csproj", "{461C6223-659D-47D1-BC3A-8DE54A991BCB}"
EndProject
Project("{9A19103F-16F7-4668-BE54-9A1E7A4F7556}") = "Atc.OpenApi.Tests", "test\Atc.OpenApi.Tests\Atc.OpenApi.Tests.csproj", "{C57D0E52-3EF5-48FB-B1B1-0FF9101A2BA5}"
EndProject
Project("{9A19103F-16F7-4668-BE54-9A1E7A4F7556}") = "Atc.Rest.Tests", "test\Atc.Rest.Tests\Atc.Rest.Tests.csproj", "{5D7EC131-7331-4267-8F69-B9A04316AA9F}"
EndProject
Project("{9A19103F-16F7-4668-BE54-9A1E7A4F7556}") = "Atc.Rest.Extended.Tests", "test\Atc.Rest.Extended.Tests\Atc.Rest.Extended.Tests.csproj", "{F758EDDA-20BC-45A4-ABE9-01C348A68FFF}"
EndProject
Project("{9A19103F-16F7-4668-BE54-9A1E7A4F7556}") = "Atc.XUnit.Tests", "test\Atc.XUnit.Tests\Atc.XUnit.Tests.csproj", "{66B5DE03-50F1-44CA-98A0-3C3A225C02F6}"
EndProject
Project("{2150E333-8FDC-42A3-9474-1A3956D46DE8}") = "Docs", "Docs", "{1575FE97-3F0C-4E58-963E-30B06A03133F}"
	ProjectSection(SolutionItems) = preProject
		README.md = README.md
	EndProjectSection
EndProject
Project("{9A19103F-16F7-4668-BE54-9A1E7A4F7556}") = "Atc.Rest.FluentAssertions", "src\Atc.Rest.FluentAssertions\Atc.Rest.FluentAssertions.csproj", "{F0B24CC8-B6EB-4287-8615-10B70F160D34}"
EndProject
Project("{9A19103F-16F7-4668-BE54-9A1E7A4F7556}") = "Atc.Rest.FluentAssertions.Tests", "test\Atc.Rest.FluentAssertions.Tests\Atc.Rest.FluentAssertions.Tests.csproj", "{11AEA0E2-74F3-458F-B7C3-9A9A6487AD30}"
EndProject
Project("{2150E333-8FDC-42A3-9474-1A3956D46DE8}") = "Sample", "Sample", "{56B2A698-7E71-45B3-A989-78013EDD9306}"
EndProject
Project("{9A19103F-16F7-4668-BE54-9A1E7A4F7556}") = "Atc.Console.Spectre", "src\Atc.Console.Spectre\Atc.Console.Spectre.csproj", "{7E372E2E-2377-4947-ABC2-46A578F4F217}"
EndProject
Project("{9A19103F-16F7-4668-BE54-9A1E7A4F7556}") = "Atc.Console.Spectre.Tests", "test\Atc.Console.Spectre.Tests\Atc.Console.Spectre.Tests.csproj", "{F2504127-17DB-4051-9507-79CC5720B087}"
EndProject
Project("{9A19103F-16F7-4668-BE54-9A1E7A4F7556}") = "Demo.Atc.Console.Spectre.Cli", "sample\Demo.Atc.Console.Spectre.Cli\Demo.Atc.Console.Spectre.Cli.csproj", "{EE52DA17-9197-4F1B-B831-DEA9FADAEDCA}"
EndProject
Project("{9A19103F-16F7-4668-BE54-9A1E7A4F7556}") = "Atc.DotNet", "src\Atc.DotNet\Atc.DotNet.csproj", "{74642670-DC7C-4A42-B6DD-227B006B7059}"
EndProject
Project("{9A19103F-16F7-4668-BE54-9A1E7A4F7556}") = "Demo.Atc.Dotnet.Cli", "sample\Demo.Atc.Dotnet.Cli\Demo.Atc.Dotnet.Cli.csproj", "{DD4D07BC-8188-421A-9455-6D25DA77D198}"
EndProject
Project("{9A19103F-16F7-4668-BE54-9A1E7A4F7556}") = "Atc.DotNet.Tests", "test\Atc.DotNet.Tests\Atc.DotNet.Tests.csproj", "{410ED6D3-3A4C-475B-9A3C-BCAD06EB1390}"
EndProject
Project("{9A19103F-16F7-4668-BE54-9A1E7A4F7556}") = "Atc.Rest.HealthChecks", "src\Atc.Rest.HealthChecks\Atc.Rest.HealthChecks.csproj", "{06D83AAD-1BFA-4D33-8B17-8426ABDA0968}"
EndProject
Global
	GlobalSection(SolutionConfigurationPlatforms) = preSolution
		Debug|Any CPU = Debug|Any CPU
		Release|Any CPU = Release|Any CPU
	EndGlobalSection
	GlobalSection(ProjectConfigurationPlatforms) = postSolution
		{3BB4CC11-C811-4EEC-99C0-7E45311212E5}.Debug|Any CPU.ActiveCfg = Debug|Any CPU
		{3BB4CC11-C811-4EEC-99C0-7E45311212E5}.Debug|Any CPU.Build.0 = Debug|Any CPU
		{3BB4CC11-C811-4EEC-99C0-7E45311212E5}.Release|Any CPU.ActiveCfg = Release|Any CPU
		{3BB4CC11-C811-4EEC-99C0-7E45311212E5}.Release|Any CPU.Build.0 = Release|Any CPU
		{F703B1BB-7C61-4FE3-88CB-F1B22C72B987}.Debug|Any CPU.ActiveCfg = Debug|Any CPU
		{F703B1BB-7C61-4FE3-88CB-F1B22C72B987}.Debug|Any CPU.Build.0 = Debug|Any CPU
		{F703B1BB-7C61-4FE3-88CB-F1B22C72B987}.Release|Any CPU.ActiveCfg = Release|Any CPU
		{F703B1BB-7C61-4FE3-88CB-F1B22C72B987}.Release|Any CPU.Build.0 = Release|Any CPU
		{B6407C8E-E8E5-4D60-8A61-71D72678DFBE}.Debug|Any CPU.ActiveCfg = Debug|Any CPU
		{B6407C8E-E8E5-4D60-8A61-71D72678DFBE}.Debug|Any CPU.Build.0 = Debug|Any CPU
		{B6407C8E-E8E5-4D60-8A61-71D72678DFBE}.Release|Any CPU.ActiveCfg = Release|Any CPU
		{B6407C8E-E8E5-4D60-8A61-71D72678DFBE}.Release|Any CPU.Build.0 = Release|Any CPU
		{974A11EA-0B79-4E60-80B2-C65FEAD77271}.Debug|Any CPU.ActiveCfg = Debug|Any CPU
		{974A11EA-0B79-4E60-80B2-C65FEAD77271}.Debug|Any CPU.Build.0 = Debug|Any CPU
		{974A11EA-0B79-4E60-80B2-C65FEAD77271}.Release|Any CPU.ActiveCfg = Release|Any CPU
		{974A11EA-0B79-4E60-80B2-C65FEAD77271}.Release|Any CPU.Build.0 = Release|Any CPU
		{7662A7F3-5F8E-4ABE-A456-F9EF790C5F7F}.Debug|Any CPU.ActiveCfg = Debug|Any CPU
		{7662A7F3-5F8E-4ABE-A456-F9EF790C5F7F}.Debug|Any CPU.Build.0 = Debug|Any CPU
		{7662A7F3-5F8E-4ABE-A456-F9EF790C5F7F}.Release|Any CPU.ActiveCfg = Release|Any CPU
		{7662A7F3-5F8E-4ABE-A456-F9EF790C5F7F}.Release|Any CPU.Build.0 = Release|Any CPU
		{330D0515-2D27-47CF-9407-480347F311A7}.Debug|Any CPU.ActiveCfg = Debug|Any CPU
		{330D0515-2D27-47CF-9407-480347F311A7}.Debug|Any CPU.Build.0 = Debug|Any CPU
		{330D0515-2D27-47CF-9407-480347F311A7}.Release|Any CPU.ActiveCfg = Release|Any CPU
		{330D0515-2D27-47CF-9407-480347F311A7}.Release|Any CPU.Build.0 = Release|Any CPU
		{D28ED3BB-4937-4DC8-A87C-57E4B2A80BA5}.Debug|Any CPU.ActiveCfg = Debug|Any CPU
		{D28ED3BB-4937-4DC8-A87C-57E4B2A80BA5}.Debug|Any CPU.Build.0 = Debug|Any CPU
		{D28ED3BB-4937-4DC8-A87C-57E4B2A80BA5}.Release|Any CPU.ActiveCfg = Release|Any CPU
		{D28ED3BB-4937-4DC8-A87C-57E4B2A80BA5}.Release|Any CPU.Build.0 = Release|Any CPU
		{0EC52BD9-9714-429C-A10E-C03E66469270}.Debug|Any CPU.ActiveCfg = Debug|Any CPU
		{0EC52BD9-9714-429C-A10E-C03E66469270}.Debug|Any CPU.Build.0 = Debug|Any CPU
		{0EC52BD9-9714-429C-A10E-C03E66469270}.Release|Any CPU.ActiveCfg = Release|Any CPU
		{0EC52BD9-9714-429C-A10E-C03E66469270}.Release|Any CPU.Build.0 = Release|Any CPU
		{BBD9CA33-7A0D-40C5-B2E7-9C0A798AAB03}.Debug|Any CPU.ActiveCfg = Debug|Any CPU
		{BBD9CA33-7A0D-40C5-B2E7-9C0A798AAB03}.Debug|Any CPU.Build.0 = Debug|Any CPU
		{BBD9CA33-7A0D-40C5-B2E7-9C0A798AAB03}.Release|Any CPU.ActiveCfg = Release|Any CPU
		{BBD9CA33-7A0D-40C5-B2E7-9C0A798AAB03}.Release|Any CPU.Build.0 = Release|Any CPU
		{461C6223-659D-47D1-BC3A-8DE54A991BCB}.Debug|Any CPU.ActiveCfg = Debug|Any CPU
		{461C6223-659D-47D1-BC3A-8DE54A991BCB}.Debug|Any CPU.Build.0 = Debug|Any CPU
		{461C6223-659D-47D1-BC3A-8DE54A991BCB}.Release|Any CPU.ActiveCfg = Release|Any CPU
		{461C6223-659D-47D1-BC3A-8DE54A991BCB}.Release|Any CPU.Build.0 = Release|Any CPU
		{C57D0E52-3EF5-48FB-B1B1-0FF9101A2BA5}.Debug|Any CPU.ActiveCfg = Debug|Any CPU
		{C57D0E52-3EF5-48FB-B1B1-0FF9101A2BA5}.Debug|Any CPU.Build.0 = Debug|Any CPU
		{C57D0E52-3EF5-48FB-B1B1-0FF9101A2BA5}.Release|Any CPU.ActiveCfg = Release|Any CPU
		{C57D0E52-3EF5-48FB-B1B1-0FF9101A2BA5}.Release|Any CPU.Build.0 = Release|Any CPU
		{5D7EC131-7331-4267-8F69-B9A04316AA9F}.Debug|Any CPU.ActiveCfg = Debug|Any CPU
		{5D7EC131-7331-4267-8F69-B9A04316AA9F}.Debug|Any CPU.Build.0 = Debug|Any CPU
		{5D7EC131-7331-4267-8F69-B9A04316AA9F}.Release|Any CPU.ActiveCfg = Release|Any CPU
		{5D7EC131-7331-4267-8F69-B9A04316AA9F}.Release|Any CPU.Build.0 = Release|Any CPU
		{F758EDDA-20BC-45A4-ABE9-01C348A68FFF}.Debug|Any CPU.ActiveCfg = Debug|Any CPU
		{F758EDDA-20BC-45A4-ABE9-01C348A68FFF}.Debug|Any CPU.Build.0 = Debug|Any CPU
		{F758EDDA-20BC-45A4-ABE9-01C348A68FFF}.Release|Any CPU.ActiveCfg = Release|Any CPU
		{F758EDDA-20BC-45A4-ABE9-01C348A68FFF}.Release|Any CPU.Build.0 = Release|Any CPU
		{66B5DE03-50F1-44CA-98A0-3C3A225C02F6}.Debug|Any CPU.ActiveCfg = Debug|Any CPU
		{66B5DE03-50F1-44CA-98A0-3C3A225C02F6}.Debug|Any CPU.Build.0 = Debug|Any CPU
		{66B5DE03-50F1-44CA-98A0-3C3A225C02F6}.Release|Any CPU.ActiveCfg = Release|Any CPU
		{66B5DE03-50F1-44CA-98A0-3C3A225C02F6}.Release|Any CPU.Build.0 = Release|Any CPU
		{F0B24CC8-B6EB-4287-8615-10B70F160D34}.Debug|Any CPU.ActiveCfg = Debug|Any CPU
		{F0B24CC8-B6EB-4287-8615-10B70F160D34}.Debug|Any CPU.Build.0 = Debug|Any CPU
		{F0B24CC8-B6EB-4287-8615-10B70F160D34}.Release|Any CPU.ActiveCfg = Release|Any CPU
		{F0B24CC8-B6EB-4287-8615-10B70F160D34}.Release|Any CPU.Build.0 = Release|Any CPU
		{11AEA0E2-74F3-458F-B7C3-9A9A6487AD30}.Debug|Any CPU.ActiveCfg = Debug|Any CPU
		{11AEA0E2-74F3-458F-B7C3-9A9A6487AD30}.Debug|Any CPU.Build.0 = Debug|Any CPU
		{11AEA0E2-74F3-458F-B7C3-9A9A6487AD30}.Release|Any CPU.ActiveCfg = Release|Any CPU
		{11AEA0E2-74F3-458F-B7C3-9A9A6487AD30}.Release|Any CPU.Build.0 = Release|Any CPU
		{7E372E2E-2377-4947-ABC2-46A578F4F217}.Debug|Any CPU.ActiveCfg = Debug|Any CPU
		{7E372E2E-2377-4947-ABC2-46A578F4F217}.Debug|Any CPU.Build.0 = Debug|Any CPU
		{7E372E2E-2377-4947-ABC2-46A578F4F217}.Release|Any CPU.ActiveCfg = Release|Any CPU
		{7E372E2E-2377-4947-ABC2-46A578F4F217}.Release|Any CPU.Build.0 = Release|Any CPU
		{F2504127-17DB-4051-9507-79CC5720B087}.Debug|Any CPU.ActiveCfg = Debug|Any CPU
		{F2504127-17DB-4051-9507-79CC5720B087}.Debug|Any CPU.Build.0 = Debug|Any CPU
		{F2504127-17DB-4051-9507-79CC5720B087}.Release|Any CPU.ActiveCfg = Release|Any CPU
		{F2504127-17DB-4051-9507-79CC5720B087}.Release|Any CPU.Build.0 = Release|Any CPU
		{EE52DA17-9197-4F1B-B831-DEA9FADAEDCA}.Debug|Any CPU.ActiveCfg = Debug|Any CPU
		{EE52DA17-9197-4F1B-B831-DEA9FADAEDCA}.Debug|Any CPU.Build.0 = Debug|Any CPU
		{EE52DA17-9197-4F1B-B831-DEA9FADAEDCA}.Release|Any CPU.ActiveCfg = Release|Any CPU
		{EE52DA17-9197-4F1B-B831-DEA9FADAEDCA}.Release|Any CPU.Build.0 = Release|Any CPU
		{74642670-DC7C-4A42-B6DD-227B006B7059}.Debug|Any CPU.ActiveCfg = Debug|Any CPU
		{74642670-DC7C-4A42-B6DD-227B006B7059}.Debug|Any CPU.Build.0 = Debug|Any CPU
		{74642670-DC7C-4A42-B6DD-227B006B7059}.Release|Any CPU.ActiveCfg = Release|Any CPU
		{74642670-DC7C-4A42-B6DD-227B006B7059}.Release|Any CPU.Build.0 = Release|Any CPU
		{DD4D07BC-8188-421A-9455-6D25DA77D198}.Debug|Any CPU.ActiveCfg = Debug|Any CPU
		{DD4D07BC-8188-421A-9455-6D25DA77D198}.Debug|Any CPU.Build.0 = Debug|Any CPU
		{DD4D07BC-8188-421A-9455-6D25DA77D198}.Release|Any CPU.ActiveCfg = Release|Any CPU
		{DD4D07BC-8188-421A-9455-6D25DA77D198}.Release|Any CPU.Build.0 = Release|Any CPU
		{410ED6D3-3A4C-475B-9A3C-BCAD06EB1390}.Debug|Any CPU.ActiveCfg = Debug|Any CPU
		{410ED6D3-3A4C-475B-9A3C-BCAD06EB1390}.Debug|Any CPU.Build.0 = Debug|Any CPU
		{410ED6D3-3A4C-475B-9A3C-BCAD06EB1390}.Release|Any CPU.ActiveCfg = Release|Any CPU
		{410ED6D3-3A4C-475B-9A3C-BCAD06EB1390}.Release|Any CPU.Build.0 = Release|Any CPU
		{06D83AAD-1BFA-4D33-8B17-8426ABDA0968}.Debug|Any CPU.ActiveCfg = Debug|Any CPU
		{06D83AAD-1BFA-4D33-8B17-8426ABDA0968}.Debug|Any CPU.Build.0 = Debug|Any CPU
		{06D83AAD-1BFA-4D33-8B17-8426ABDA0968}.Release|Any CPU.ActiveCfg = Release|Any CPU
		{06D83AAD-1BFA-4D33-8B17-8426ABDA0968}.Release|Any CPU.Build.0 = Release|Any CPU
	EndGlobalSection
	GlobalSection(SolutionProperties) = preSolution
		HideSolutionNode = FALSE
	EndGlobalSection
	GlobalSection(NestedProjects) = preSolution
		{3BB4CC11-C811-4EEC-99C0-7E45311212E5} = {A4F3156B-9E74-4710-ADBC-4628DF389F68}
		{F703B1BB-7C61-4FE3-88CB-F1B22C72B987} = {F39DCB66-0A9F-47BA-A916-301EC83F26EA}
		{B6407C8E-E8E5-4D60-8A61-71D72678DFBE} = {A4F3156B-9E74-4710-ADBC-4628DF389F68}
		{974A11EA-0B79-4E60-80B2-C65FEAD77271} = {A4F3156B-9E74-4710-ADBC-4628DF389F68}
		{7662A7F3-5F8E-4ABE-A456-F9EF790C5F7F} = {A4F3156B-9E74-4710-ADBC-4628DF389F68}
		{330D0515-2D27-47CF-9407-480347F311A7} = {A4F3156B-9E74-4710-ADBC-4628DF389F68}
		{D28ED3BB-4937-4DC8-A87C-57E4B2A80BA5} = {A4F3156B-9E74-4710-ADBC-4628DF389F68}
		{0EC52BD9-9714-429C-A10E-C03E66469270} = {A4F3156B-9E74-4710-ADBC-4628DF389F68}
		{BBD9CA33-7A0D-40C5-B2E7-9C0A798AAB03} = {F39DCB66-0A9F-47BA-A916-301EC83F26EA}
		{461C6223-659D-47D1-BC3A-8DE54A991BCB} = {F39DCB66-0A9F-47BA-A916-301EC83F26EA}
		{C57D0E52-3EF5-48FB-B1B1-0FF9101A2BA5} = {F39DCB66-0A9F-47BA-A916-301EC83F26EA}
		{5D7EC131-7331-4267-8F69-B9A04316AA9F} = {F39DCB66-0A9F-47BA-A916-301EC83F26EA}
		{F758EDDA-20BC-45A4-ABE9-01C348A68FFF} = {F39DCB66-0A9F-47BA-A916-301EC83F26EA}
		{66B5DE03-50F1-44CA-98A0-3C3A225C02F6} = {F39DCB66-0A9F-47BA-A916-301EC83F26EA}
		{F0B24CC8-B6EB-4287-8615-10B70F160D34} = {A4F3156B-9E74-4710-ADBC-4628DF389F68}
		{11AEA0E2-74F3-458F-B7C3-9A9A6487AD30} = {F39DCB66-0A9F-47BA-A916-301EC83F26EA}
		{7E372E2E-2377-4947-ABC2-46A578F4F217} = {A4F3156B-9E74-4710-ADBC-4628DF389F68}
		{F2504127-17DB-4051-9507-79CC5720B087} = {F39DCB66-0A9F-47BA-A916-301EC83F26EA}
		{EE52DA17-9197-4F1B-B831-DEA9FADAEDCA} = {56B2A698-7E71-45B3-A989-78013EDD9306}
		{74642670-DC7C-4A42-B6DD-227B006B7059} = {A4F3156B-9E74-4710-ADBC-4628DF389F68}
		{DD4D07BC-8188-421A-9455-6D25DA77D198} = {56B2A698-7E71-45B3-A989-78013EDD9306}
		{410ED6D3-3A4C-475B-9A3C-BCAD06EB1390} = {F39DCB66-0A9F-47BA-A916-301EC83F26EA}
		{06D83AAD-1BFA-4D33-8B17-8426ABDA0968} = {A4F3156B-9E74-4710-ADBC-4628DF389F68}
	EndGlobalSection
	GlobalSection(ExtensibilityGlobals) = postSolution
		SolutionGuid = {DFD408B5-CCB3-4B3A-9E3B-DC85C74256B1}
	EndGlobalSection
EndGlobal
